{
    "_meta": {
        "hash": {
            "sha256": "7179261f67959036c963e1373f89f11844f676f33f200a65c0ec3199bea13a38"
        },
        "pipfile-spec": 6,
        "requires": {
            "python_version": "3.8"
        },
        "sources": [
            {
                "name": "pypi",
                "url": "https://pypi.org/simple",
                "verify_ssl": true
            }
        ]
    },
    "default": {
        "gunicorn": {
            "hashes": [
                "sha256:1904bb2b8a43658807108d59c3f3d56c2b6121a701161de0ddf9ad140073c626",
                "sha256:cd4a810dd51bf497552cf3f863b575dabd73d6ad6a91075b65936b151cbf4f9c"
            ],
            "index": "pypi",
            "version": "==20.0.4"
        },
        "logging-tree": {
            "hashes": [
                "sha256:c2201ab13be5060bf6f0cf29d18516d9f1d9186c75913ffda2165a01d1c63f81",
                "sha256:ff588623bfc8012c3f55c7a85d18c51db86b26f7feefbc6df3cdf9842a23cdfd"
            ],
            "index": "pypi",
            "version": "==1.8.1"
        },
        "python-json-logger": {
            "hashes": [
                "sha256:b7a31162f2a01965a5efb94453ce69230ed208468b0bbc7fdfc56e6d8df2e281"
            ],
            "index": "pypi",
            "version": "==0.1.11"
        }
    },
    "develop": {}
}
